
Microsoft Visual Studio Solution File, Format Version 12.00
# Visual Studio 15
VisualStudioVersion = 15.0.26730.16
MinimumVisualStudioVersion = 10.0.40219.1
Project("{FAE04EC0-301F-11D3-BF4B-00C04F79EFBC}") = "ClientDetails", "ClientDetails\ClientDetails.csproj", "{CD46E9F1-147D-46D1-B36A-5ED848B96E8D}"
EndProject
Project("{FAE04EC0-301F-11D3-BF4B-00C04F79EFBC}") = "ClientDetails.DAL", "ClientDetails.DAL\ClientDetails.DAL.csproj", "{17F01A18-91EF-4140-923C-906AB85F6CC4}"
EndProject
Global
	GlobalSection(SolutionConfigurationPlatforms) = preSolution
		Debug|Any CPU = Debug|Any CPU
		Release|Any CPU = Release|Any CPU
	EndGlobalSection
	GlobalSection(ProjectConfigurationPlatforms) = postSolution
		{CD46E9F1-147D-46D1-B36A-5ED848B96E8D}.Debug|Any CPU.ActiveCfg = Debug|Any CPU
		{CD46E9F1-147D-46D1-B36A-5ED848B96E8D}.Debug|Any CPU.Build.0 = Debug|Any CPU
		{CD46E9F1-147D-46D1-B36A-5ED848B96E8D}.Release|Any CPU.ActiveCfg = Release|Any CPU
		{CD46E9F1-147D-46D1-B36A-5ED848B96E8D}.Release|Any CPU.Build.0 = Release|Any CPU
		{17F01A18-91EF-4140-923C-906AB85F6CC4}.Debug|Any CPU.ActiveCfg = Debug|Any CPU
		{17F01A18-91EF-4140-923C-906AB85F6CC4}.Debug|Any CPU.Build.0 = Debug|Any CPU
		{17F01A18-91EF-4140-923C-906AB85F6CC4}.Release|Any CPU.ActiveCfg = Release|Any CPU
		{17F01A18-91EF-4140-923C-906AB85F6CC4}.Release|Any CPU.Build.0 = Release|Any CPU
	EndGlobalSection
	GlobalSection(SolutionProperties) = preSolution
		HideSolutionNode = FALSE
	EndGlobalSection
	GlobalSection(ExtensibilityGlobals) = postSolution
		SolutionGuid = {D87CF1E5-B495-460F-B241-22EF746C66AE}
	EndGlobalSection
EndGlobal
